{
  "nodes": {
    "closure-compiler": {
      "flake": false,
      "locked": {
        "narHash": "sha256-RFH8wCbPT10b1P1vqZ10rAWf0+5CtBETIdi9tJJty80=",
        "type": "file",
        "url": "https://repo1.maven.org/maven2/com/google/javascript/closure-compiler/v20210601/closure-compiler-v20210601.jar"
      },
      "original": {
        "type": "file",
        "url": "https://repo1.maven.org/maven2/com/google/javascript/closure-compiler/v20210601/closure-compiler-v20210601.jar"
      }
    },
    "nixpkgs": {
      "locked": {
        "lastModified": 1760164275,
        "narHash": "sha256-gKl2Gtro/LNf8P+4L3S2RsZ0G390ccd5MyXYrTdMCFE=",
        "owner": "NixOS",
        "repo": "nixpkgs",
        "rev": "362791944032cb532aabbeed7887a441496d5e6e",
        "type": "github"
      },
      "original": {
        "owner": "NixOS",
        "ref": "nixpkgs-unstable",
        "repo": "nixpkgs",
        "type": "github"
      }
    },
    "root": {
      "inputs": {
        "closure-compiler": "closure-compiler",
        "nixpkgs": "nixpkgs",
        "rust-overlay": "rust-overlay",
        "seabios-src": "seabios-src",
        "utils": "utils",
        "v86-src": "v86-src"
      }
    },
    "rust-overlay": {
      "inputs": {
        "nixpkgs": [
          "nixpkgs"
        ]
      },
      "locked": {
        "lastModified": 1760236527,
        "narHash": "sha256-h9+WEQtUIZaZMvA1pnbZbMM+5X39OFnW92Q8hNoToD0=",
        "owner": "oxalica",
        "repo": "rust-overlay",
        "rev": "a38dd7f462825c75ce8567816ae38c2e7d826bfa",
        "type": "github"
      },
      "original": {
        "owner": "oxalica",
        "repo": "rust-overlay",
        "type": "github"
      }
    },
    "seabios-src": {
      "flake": false,
      "locked": {
        "lastModified": 1675300479,
        "narHash": "sha256-J2FuT+FXn9YoFLSfxDOxyKZvKrys59a6bP1eYvEXVNU=",
        "owner": "coreboot",
        "repo": "seabios",
        "rev": "ea1b7a0733906b8425d948ae94fba63c32b1d425",
        "type": "github"
      },
      "original": {
        "owner": "coreboot",
        "ref": "rel-1.16.2",
        "repo": "seabios",
        "type": "github"
      }
    },
    "systems": {
      "locked": {
        "lastModified": 1681028828,
        "narHash": "sha256-Vy1rq5AaRuLzOxct8nz4T6wlgyUR7zLU309k9mBC768=",
        "owner": "nix-systems",
        "repo": "default",
        "rev": "da67096a3b9bf56a91d16901293e51ba5b49a27e",
        "type": "github"
      },
      "original": {
        "owner": "nix-systems",
        "repo": "default",
        "type": "github"
      }
    },
    "utils": {
      "inputs": {
        "systems": "systems"
      },
      "locked": {
        "lastModified": 1731533236,
        "narHash": "sha256-l0KFg5HjrsfsO/JpG+r7fRrqm12kzFHyUHqHCVpMMbI=",
        "owner": "numtide",
        "repo": "flake-utils",
        "rev": "11707dc2f618dd54ca8739b309ec4fc024de578b",
        "type": "github"
      },
      "original": {
        "owner": "numtide",
        "repo": "flake-utils",
        "type": "github"
      }
    },
    "v86-src": {
      "flake": false,
      "locked": {
        "lastModified": 1758391562,
        "narHash": "sha256-caK51UD4uKOuC6VLNpT1L34FL5LGv75V3hwY3QBJjiE=",
        "owner": "copy",
        "repo": "v86",
        "rev": "9735a0eed83a426b3b14cf98f9043a5a9241b142",
        "type": "github"
      },
      "original": {
        "owner": "copy",
        "repo": "v86",
        "type": "github"
      }
    }
  },
  "root": "root",
  "version": 7
}
